
Microsoft Visual Studio Solution File, Format Version 12.00
# Visual Studio Version 16
VisualStudioVersion = 16.0.29709.97
MinimumVisualStudioVersion = 10.0.40219.1
Project("{FAE04EC0-301F-11D3-BF4B-00C04F79EFBC}") = "UnitTestsHomework", "UnitTestsHomework\UnitTestsHomework.csproj", "{219464E3-4B56-4312-A4C3-1693D9B78B0F}"
EndProject
Project("{FAE04EC0-301F-11D3-BF4B-00C04F79EFBC}") = "UnitTestsHomework.Tests", "UnitTestsHomework.Tests\UnitTestsHomework.Tests.csproj", "{901B2C3F-C0C0-425C-9688-751FD8571AEA}"
EndProject
Global
	GlobalSection(SolutionConfigurationPlatforms) = preSolution
		Debug|Any CPU = Debug|Any CPU
		Release|Any CPU = Release|Any CPU
	EndGlobalSection
	GlobalSection(ProjectConfigurationPlatforms) = postSolution
		{219464E3-4B56-4312-A4C3-1693D9B78B0F}.Debug|Any CPU.ActiveCfg = Debug|Any CPU
		{219464E3-4B56-4312-A4C3-1693D9B78B0F}.Debug|Any CPU.Build.0 = Debug|Any CPU
		{219464E3-4B56-4312-A4C3-1693D9B78B0F}.Release|Any CPU.ActiveCfg = Release|Any CPU
		{219464E3-4B56-4312-A4C3-1693D9B78B0F}.Release|Any CPU.Build.0 = Release|Any CPU
		{901B2C3F-C0C0-425C-9688-751FD8571AEA}.Debug|Any CPU.ActiveCfg = Debug|Any CPU
		{901B2C3F-C0C0-425C-9688-751FD8571AEA}.Debug|Any CPU.Build.0 = Debug|Any CPU
		{901B2C3F-C0C0-425C-9688-751FD8571AEA}.Release|Any CPU.ActiveCfg = Release|Any CPU
		{901B2C3F-C0C0-425C-9688-751FD8571AEA}.Release|Any CPU.Build.0 = Release|Any CPU
	EndGlobalSection
	GlobalSection(SolutionProperties) = preSolution
		HideSolutionNode = FALSE
	EndGlobalSection
	GlobalSection(ExtensibilityGlobals) = postSolution
		SolutionGuid = {B45CBC6F-F247-40D8-BD12-D24582537DC7}
	EndGlobalSection
EndGlobal
